Microsoft Visual Studio Solution File, Format Version 12.00
# Visual Studio Version 17
VisualStudioVersion = 17.5.2.0
MinimumVisualStudioVersion = 10.0.40219.1
Project("{FAE04EC0-301F-11D3-BF4B-00C04F79EFBC}") = "SapGateway", "SapGateway.csproj", "{48A22044-B18D-EE8A-FFEA-D39B1AF8DEA6}"
EndProject
Global
	GlobalSection(SolutionConfigurationPlatforms) = preSolution
		Debug|Any CPU = Debug|Any CPU
		Release|Any CPU = Release|Any CPU
	EndGlobalSection
	GlobalSection(ProjectConfigurationPlatforms) = postSolution
		{48A22044-B18D-EE8A-FFEA-D39B1AF8DEA6}.Debug|Any CPU.ActiveCfg = Debug|Any CPU
		{48A22044-B18D-EE8A-FFEA-D39B1AF8DEA6}.Debug|Any CPU.Build.0 = Debug|Any CPU
		{48A22044-B18D-EE8A-FFEA-D39B1AF8DEA6}.Release|Any CPU.ActiveCfg = Release|Any CPU
		{48A22044-B18D-EE8A-FFEA-D39B1AF8DEA6}.Release|Any CPU.Build.0 = Release|Any CPU
	EndGlobalSection
	GlobalSection(SolutionProperties) = preSolution
		HideSolutionNode = FALSE
	EndGlobalSection
	GlobalSection(ExtensibilityGlobals) = postSolution
		SolutionGuid = {CB55ACDA-E391-400B-B5C7-9037774E57A5}
	EndGlobalSection
EndGlobal
